
Microsoft Visual Studio Solution File, Format Version 12.00
# Visual Studio Version 16
VisualStudioVersion = 16.0.31313.79
MinimumVisualStudioVersion = 10.0.40219.1
Project("{FAE04EC0-301F-11D3-BF4B-00C04F79EFBC}") = "ScrollingListBox", "ScrollingListBox\ScrollingListBox.csproj", "{6BB57A46-68C3-4719-AC41-045978DB12F0}"
EndProject
Global
	GlobalSection(SolutionConfigurationPlatforms) = preSolution
		Debug|Any CPU = Debug|Any CPU
		Release|Any CPU = Release|Any CPU
	EndGlobalSection
	GlobalSection(ProjectConfigurationPlatforms) = postSolution
		{6BB57A46-68C3-4719-AC41-045978DB12F0}.Debug|Any CPU.ActiveCfg = Debug|Any CPU
		{6BB57A46-68C3-4719-AC41-045978DB12F0}.Debug|Any CPU.Build.0 = Debug|Any CPU
		{6BB57A46-68C3-4719-AC41-045978DB12F0}.Release|Any CPU.ActiveCfg = Release|Any CPU
		{6BB57A46-68C3-4719-AC41-045978DB12F0}.Release|Any CPU.Build.0 = Release|Any CPU
	EndGlobalSection
	GlobalSection(SolutionProperties) = preSolution
		HideSolutionNode = FALSE
	EndGlobalSection
	GlobalSection(ExtensibilityGlobals) = postSolution
		SolutionGuid = {C4C272A0-6216-48D0-8CA1-782F735BFD90}
	EndGlobalSection
EndGlobal
